
Microsoft Visual Studio Solution File, Format Version 12.00
# Visual Studio Version 17
VisualStudioVersion = 17.0.32112.339
MinimumVisualStudioVersion = 10.0.40219.1
Project("{FAE04EC0-301F-11D3-BF4B-00C04F79EFBC}") = "GestaoDeEquipamentos.ConsoleApp", "GestaoDeEquipamentos.ConsoleApp\GestaoDeEquipamentos.ConsoleApp.csproj", "{C2079040-4FE5-4CD5-8F5E-FD2FEADFD5BA}"
EndProject
Global
	GlobalSection(SolutionConfigurationPlatforms) = preSolution
		Debug|Any CPU = Debug|Any CPU
		Release|Any CPU = Release|Any CPU
	EndGlobalSection
	GlobalSection(ProjectConfigurationPlatforms) = postSolution
		{C2079040-4FE5-4CD5-8F5E-FD2FEADFD5BA}.Debug|Any CPU.ActiveCfg = Debug|Any CPU
		{C2079040-4FE5-4CD5-8F5E-FD2FEADFD5BA}.Debug|Any CPU.Build.0 = Debug|Any CPU
		{C2079040-4FE5-4CD5-8F5E-FD2FEADFD5BA}.Release|Any CPU.ActiveCfg = Release|Any CPU
		{C2079040-4FE5-4CD5-8F5E-FD2FEADFD5BA}.Release|Any CPU.Build.0 = Release|Any CPU
	EndGlobalSection
	GlobalSection(SolutionProperties) = preSolution
		HideSolutionNode = FALSE
	EndGlobalSection
	GlobalSection(ExtensibilityGlobals) = postSolution
		SolutionGuid = {B02B3515-0890-4257-960F-584F92B63FF8}
	EndGlobalSection
EndGlobal
